
Microsoft Visual Studio Solution File, Format Version 12.00
# Visual Studio Version 17
VisualStudioVersion = 17.14.36109.1
MinimumVisualStudioVersion = 10.0.40219.1
Project("{FAE04EC0-301F-11D3-BF4B-00C04F79EFBC}") = "BeachLab.UI", "..\src\BeachLab.UI\BeachLab.UI.csproj", "{EC679856-A787-40F5-963D-26716BC61CC1}"
EndProject
Global
	GlobalSection(SolutionConfigurationPlatforms) = preSolution
		Debug|Any CPU = Debug|Any CPU
		Release|Any CPU = Release|Any CPU
	EndGlobalSection
	GlobalSection(ProjectConfigurationPlatforms) = postSolution
		{EC679856-A787-40F5-963D-26716BC61CC1}.Debug|Any CPU.ActiveCfg = Debug|Any CPU
		{EC679856-A787-40F5-963D-26716BC61CC1}.Debug|Any CPU.Build.0 = Debug|Any CPU
		{EC679856-A787-40F5-963D-26716BC61CC1}.Release|Any CPU.ActiveCfg = Release|Any CPU
		{EC679856-A787-40F5-963D-26716BC61CC1}.Release|Any CPU.Build.0 = Release|Any CPU
	EndGlobalSection
	GlobalSection(SolutionProperties) = preSolution
		HideSolutionNode = FALSE
	EndGlobalSection
	GlobalSection(ExtensibilityGlobals) = postSolution
		SolutionGuid = {B6A7EDBA-923D-417D-A5AE-45B21A6D4669}
	EndGlobalSection
EndGlobal
